
Microsoft Visual Studio Solution File, Format Version 12.00
# Visual Studio 2013
VisualStudioVersion = 12.0.40629.0
MinimumVisualStudioVersion = 10.0.40219.1
Project("{F184B08F-C81C-45F6-A57F-5ABD9991F28F}") = "ASPMVCDapperVB", "ASPMVCDapperVB\ASPMVCDapperVB.vbproj", "{305B962C-4CE0-418D-9C51-D4338DF8CF6B}"
EndProject
Project("{2150E333-8FDC-42A3-9474-1A3956D46DE8}") = "Solution Items", "Solution Items", "{F7670C73-C7E4-4FAA-87DD-9575F4B2E7D6}"
	ProjectSection(SolutionItems) = preProject
		Create Table Script.txt = Create Table Script.txt
		Notes.txt = Notes.txt
	EndProjectSection
EndProject
Global
	GlobalSection(SolutionConfigurationPlatforms) = preSolution
		Debug|Any CPU = Debug|Any CPU
		Release|Any CPU = Release|Any CPU
	EndGlobalSection
	GlobalSection(ProjectConfigurationPlatforms) = postSolution
		{305B962C-4CE0-418D-9C51-D4338DF8CF6B}.Debug|Any CPU.ActiveCfg = Debug|Any CPU
		{305B962C-4CE0-418D-9C51-D4338DF8CF6B}.Debug|Any CPU.Build.0 = Debug|Any CPU
		{305B962C-4CE0-418D-9C51-D4338DF8CF6B}.Release|Any CPU.ActiveCfg = Release|Any CPU
		{305B962C-4CE0-418D-9C51-D4338DF8CF6B}.Release|Any CPU.Build.0 = Release|Any CPU
	EndGlobalSection
	GlobalSection(SolutionProperties) = preSolution
		HideSolutionNode = FALSE
	EndGlobalSection
EndGlobal
